
Microsoft Visual Studio Solution File, Format Version 12.00
# Visual Studio Version 17
VisualStudioVersion = 17.9.34607.119
MinimumVisualStudioVersion = 10.0.40219.1
Project("{FAE04EC0-301F-11D3-BF4B-00C04F79EFBC}") = "Dự Án Shop Bán Giầy Thể Thao", "Dự Án Shop Bán Giầy Thể Thao\Dự Án Shop Bán Giầy Thể Thao.csproj", "{A6917D81-7F0E-4BD6-B1E3-F4CBC7EEA175}"
EndProject
Global
	GlobalSection(SolutionConfigurationPlatforms) = preSolution
		Debug|Any CPU = Debug|Any CPU
		Release|Any CPU = Release|Any CPU
	EndGlobalSection
	GlobalSection(ProjectConfigurationPlatforms) = postSolution
		{A6917D81-7F0E-4BD6-B1E3-F4CBC7EEA175}.Debug|Any CPU.ActiveCfg = Debug|Any CPU
		{A6917D81-7F0E-4BD6-B1E3-F4CBC7EEA175}.Debug|Any CPU.Build.0 = Debug|Any CPU
		{A6917D81-7F0E-4BD6-B1E3-F4CBC7EEA175}.Release|Any CPU.ActiveCfg = Release|Any CPU
		{A6917D81-7F0E-4BD6-B1E3-F4CBC7EEA175}.Release|Any CPU.Build.0 = Release|Any CPU
	EndGlobalSection
	GlobalSection(SolutionProperties) = preSolution
		HideSolutionNode = FALSE
	EndGlobalSection
	GlobalSection(ExtensibilityGlobals) = postSolution
		SolutionGuid = {4F8B6CFF-7F5C-4D8F-8DEE-3E013E677317}
	EndGlobalSection
EndGlobal
